
Microsoft Visual Studio Solution File, Format Version 12.00
# Visual Studio 15
VisualStudioVersion = 15.0.27604.0
MinimumVisualStudioVersion = 10.0.40219.1
Project("{FAE04EC0-301F-11D3-BF4B-00C04F79EFBC}") = "Calculator_Better_Design", "Calculator_Better_Design\Calculator_Better_Design.csproj", "{8DFF268E-EAF8-4937-9278-D82A77666096}"
EndProject
Project("{FAE04EC0-301F-11D3-BF4B-00C04F79EFBC}") = "Logic_Interfaces", "Logic_Interfaces\Logic_Interfaces.csproj", "{CEACE4FB-7B99-4202-8DAF-F44751147180}"
EndProject
Project("{FAE04EC0-301F-11D3-BF4B-00C04F79EFBC}") = "Logic", "Logic\Logic.csproj", "{0CD3E91D-E530-42DB-8317-1B3C7F8485A2}"
EndProject
Project("{FAE04EC0-301F-11D3-BF4B-00C04F79EFBC}") = "Command_Line_UI", "Command_Line_UI\Command_Line_UI.csproj", "{84FAE350-4871-41EA-A5DA-2D2DCE7FB3FF}"
EndProject
Project("{FAE04EC0-301F-11D3-BF4B-00C04F79EFBC}") = "Calculator_Tests", "UnitTestProject1\Calculator_Tests.csproj", "{AFF1970F-79C5-4B6F-B609-EB24F0D85564}"
EndProject
Global
	GlobalSection(SolutionConfigurationPlatforms) = preSolution
		Debug|Any CPU = Debug|Any CPU
		Release|Any CPU = Release|Any CPU
	EndGlobalSection
	GlobalSection(ProjectConfigurationPlatforms) = postSolution
		{8DFF268E-EAF8-4937-9278-D82A77666096}.Debug|Any CPU.ActiveCfg = Debug|Any CPU
		{8DFF268E-EAF8-4937-9278-D82A77666096}.Debug|Any CPU.Build.0 = Debug|Any CPU
		{8DFF268E-EAF8-4937-9278-D82A77666096}.Release|Any CPU.ActiveCfg = Release|Any CPU
		{8DFF268E-EAF8-4937-9278-D82A77666096}.Release|Any CPU.Build.0 = Release|Any CPU
		{CEACE4FB-7B99-4202-8DAF-F44751147180}.Debug|Any CPU.ActiveCfg = Debug|Any CPU
		{CEACE4FB-7B99-4202-8DAF-F44751147180}.Debug|Any CPU.Build.0 = Debug|Any CPU
		{CEACE4FB-7B99-4202-8DAF-F44751147180}.Release|Any CPU.ActiveCfg = Release|Any CPU
		{CEACE4FB-7B99-4202-8DAF-F44751147180}.Release|Any CPU.Build.0 = Release|Any CPU
		{0CD3E91D-E530-42DB-8317-1B3C7F8485A2}.Debug|Any CPU.ActiveCfg = Debug|Any CPU
		{0CD3E91D-E530-42DB-8317-1B3C7F8485A2}.Debug|Any CPU.Build.0 = Debug|Any CPU
		{0CD3E91D-E530-42DB-8317-1B3C7F8485A2}.Release|Any CPU.ActiveCfg = Release|Any CPU
		{0CD3E91D-E530-42DB-8317-1B3C7F8485A2}.Release|Any CPU.Build.0 = Release|Any CPU
		{84FAE350-4871-41EA-A5DA-2D2DCE7FB3FF}.Debug|Any CPU.ActiveCfg = Debug|Any CPU
		{84FAE350-4871-41EA-A5DA-2D2DCE7FB3FF}.Debug|Any CPU.Build.0 = Debug|Any CPU
		{84FAE350-4871-41EA-A5DA-2D2DCE7FB3FF}.Release|Any CPU.ActiveCfg = Release|Any CPU
		{84FAE350-4871-41EA-A5DA-2D2DCE7FB3FF}.Release|Any CPU.Build.0 = Release|Any CPU
		{AFF1970F-79C5-4B6F-B609-EB24F0D85564}.Debug|Any CPU.ActiveCfg = Debug|Any CPU
		{AFF1970F-79C5-4B6F-B609-EB24F0D85564}.Debug|Any CPU.Build.0 = Debug|Any CPU
		{AFF1970F-79C5-4B6F-B609-EB24F0D85564}.Release|Any CPU.ActiveCfg = Release|Any CPU
		{AFF1970F-79C5-4B6F-B609-EB24F0D85564}.Release|Any CPU.Build.0 = Release|Any CPU
	EndGlobalSection
	GlobalSection(SolutionProperties) = preSolution
		HideSolutionNode = FALSE
	EndGlobalSection
	GlobalSection(ExtensibilityGlobals) = postSolution
		SolutionGuid = {19AB54F1-255B-42C9-878E-909DF22CE772}
	EndGlobalSection
EndGlobal
